// !$*UTF8*$!
{
	archiveVersion = 1;
	classes = {
	};
	objectVersion = 46;
	objects = {

/* Begin PBXBuildFile section */
		0F06B8381A5D6B7C005ADCD3 /* main.m in Sources */ = {isa = PBXBuildFile; fileRef = 0F06B8371A5D6B7C005ADCD3 /* main.m */; };
		0F06B83B1A5D6B7C005ADCD3 /* AppDelegate.m in Sources */ = {isa = PBXBuildFile; fileRef = 0F06B83A1A5D6B7C005ADCD3 /* AppDelegate.m */; };
		0F06B83E1A5D6B7C005ADCD3 /* ViewController.m in Sources */ = {isa = PBXBuildFile; fileRef = 0F06B83D1A5D6B7C005ADCD3 /* ViewController.m */; };
		0F06B8411A5D6B7C005ADCD3 /* Main.storyboard in Resources */ = {isa = PBXBuildFile; fileRef = 0F06B83F1A5D6B7C005ADCD3 /* Main.storyboard */; };
		0F06B8431A5D6B7C005ADCD3 /* Images.xcassets in Resources */ = {isa = PBXBuildFile; fileRef = 0F06B8421A5D6B7C005ADCD3 /* Images.xcassets */; };
		0F06B8461A5D6B7C005ADCD3 /* LaunchScreen.xib in Resources */ = {isa = PBXBuildFile; fileRef = 0F06B8441A5D6B7C005ADCD3 /* LaunchScreen.xib */; };
		0F06B8521A5D6B7C005ADCD3 /* Account_Note_ManagerTests.m in Sources */ = {isa = PBXBuildFile; fileRef = 0F06B8511A5D6B7C005ADCD3 /* Account_Note_ManagerTests.m */; };
		0F06B8601A5DA31E005ADCD3 /* SecondViewController.m in Sources */ = {isa = PBXBuildFile; fileRef = 0F06B85F1A5DA31E005ADCD3 /* SecondViewController.m */; };
		0F06B8621A5DB77D005ADCD3 /* home.png in Resources */ = {isa = PBXBuildFile; fileRef = 0F06B8611A5DB77D005ADCD3 /* home.png */; };
		0F166DD31A6510D200B5DD8F /* RecordAudioViewController.m in Sources */ = {isa = PBXBuildFile; fileRef = 0F166DD21A6510D200B5DD8F /* RecordAudioViewController.m */; };
		0F166DD51A65115900B5DD8F /* AVFoundation.framework in Frameworks */ = {isa = PBXBuildFile; fileRef = 0F166DD41A65115900B5DD8F /* AVFoundation.framework */; };
		0F23F3B11A6398C700F599A4 /* TotalViewController.m in Sources */ = {isa = PBXBuildFile; fileRef = 0F23F3B01A6398C700F599A4 /* TotalViewController.m */; };
		0F45A29A1A61859F000F8334 /* NoteViewController.m in Sources */ = {isa = PBXBuildFile; fileRef = 0F45A2991A61859F000F8334 /* NoteViewController.m */; };
		0F530CED1A6561BC005A7401 /* Blue Abstract Contour Lines iPhone 5 Wallpaper.jpg in Resources */ = {isa = PBXBuildFile; fileRef = 0F530CE61A6561BC005A7401 /* Blue Abstract Contour Lines iPhone 5 Wallpaper.jpg */; };
		0F530CEE1A6561BC005A7401 /* Brown Large Speakers iPhone 6 Plus HD Wallpaper.jpg in Resources */ = {isa = PBXBuildFile; fileRef = 0F530CE71A6561BC005A7401 /* Brown Large Speakers iPhone 6 Plus HD Wallpaper.jpg */; };
		0F530CEF1A6561BC005A7401 /* Colorful Glow Lines Abstract iPhone 5 Wallpaper.jpg in Resources */ = {isa = PBXBuildFile; fileRef = 0F530CE81A6561BC005A7401 /* Colorful Glow Lines Abstract iPhone 5 Wallpaper.jpg */; };
		0F530CF01A6561BC005A7401 /* Golden Light Wave iPhone 6 Plus HD Wallpaper.jpg in Resources */ = {isa = PBXBuildFile; fileRef = 0F530CE91A6561BC005A7401 /* Golden Light Wave iPhone 6 Plus HD Wallpaper.jpg */; };
		0F530CF11A6561BC005A7401 /* Hand Drawn Abstract Triangle Shapes iPhone 5 Wallpaper.jpg in Resources */ = {isa = PBXBuildFile; fileRef = 0F530CEA1A6561BC005A7401 /* Hand Drawn Abstract Triangle Shapes iPhone 5 Wallpaper.jpg */; };
		0F530CF21A6561BC005A7401 /* Purple Emboss Lines Abstract iPhone 6 Wallpaper.jpg.png in Resources */ = {isa = PBXBuildFile; fileRef = 0F530CEB1A6561BC005A7401 /* Purple Emboss Lines Abstract iPhone 6 Wallpaper.jpg.png */; };
		0F530CF31A6561BC005A7401 /* Winter Mountains Landscape Stars iPhone 5 Wallpaper.jpg in Resources */ = {isa = PBXBuildFile; fileRef = 0F530CEC1A6561BC005A7401 /* Winter Mountains Landscape Stars iPhone 5 Wallpaper.jpg */; };
		0F530CF61A65699C005A7401 /* RecordVideoViewController.m in Sources */ = {isa = PBXBuildFile; fileRef = 0F530CF51A65699C005A7401 /* RecordVideoViewController.m */; };
		0F530CF81A6569CF005A7401 /* MobileCoreServices.framework in Frameworks */ = {isa = PBXBuildFile; fileRef = 0F530CF71A6569CF005A7401 /* MobileCoreServices.framework */; };
		0F530CFA1A6578D4005A7401 /* Abstract Plasma Render iPhone 6 Plus HD Wallpaper.jpg in Resources */ = {isa = PBXBuildFile; fileRef = 0F530CF91A6578D4005A7401 /* Abstract Plasma Render iPhone 6 Plus HD Wallpaper.jpg */; };
		0F909E8A1A5FE67C00A95227 /* libsqlite3.dylib in Frameworks */ = {isa = PBXBuildFile; fileRef = 0F909E891A5FE67C00A95227 /* libsqlite3.dylib */; };
		0F909E8C1A5FE69B00A95227 /* Foundation.framework in Frameworks */ = {isa = PBXBuildFile; fileRef = 0F909E8B1A5FE69B00A95227 /* Foundation.framework */; };
		0F909E8E1A5FE6DF00A95227 /* UIKit.framework in Frameworks */ = {isa = PBXBuildFile; fileRef = 0F909E8D1A5FE6DF00A95227 /* UIKit.framework */; };
		0F909E901A5FE6F100A95227 /* CoreGraphics.framework in Frameworks */ = {isa = PBXBuildFile; fileRef = 0F909E8F1A5FE6F100A95227 /* CoreGraphics.framework */; };
		0FFC71331A5E600A00BF54D9 /* AccountViewController.m in Sources */ = {isa = PBXBuildFile; fileRef = 0FFC71321A5E600A00BF54D9 /* AccountViewController.m */; };
/* End PBXBuildFile section */

/* Begin PBXContainerItemProxy section */
		0F06B84C1A5D6B7C005ADCD3 /* PBXContainerItemProxy */ = {
			isa = PBXContainerItemProxy;
			containerPortal = 0F06B82A1A5D6B7C005ADCD3 /* Project object */;
			proxyType = 1;
			remoteGlobalIDString = 0F06B8311A5D6B7C005ADCD3;
			remoteInfo = "Account_Note Manager";
		};
/* End PBXContainerItemProxy section */

/* Begin PBXFileReference section */
		0F06B8321A5D6B7C005ADCD3 /* Account_Note Manager.app */ = {isa = PBXFileReference; explicitFileType = wrapper.application; includeInIndex = 0; path = "Account_Note Manager.app"; sourceTree = BUILT_PRODUCTS_DIR; };
		0F06B8361A5D6B7C005ADCD3 /* Info.plist */ = {isa = PBXFileReference; lastKnownFileType = text.plist.xml; path = Info.plist; sourceTree = "<group>"; };
		0F06B8371A5D6B7C005ADCD3 /* main.m */ = {isa = PBXFileReference; lastKnownFileType = sourcecode.c.objc; path = main.m; sourceTree = "<group>"; };
		0F06B8391A5D6B7C005ADCD3 /* AppDelegate.h */ = {isa = PBXFileReference; lastKnownFileType = sourcecode.c.h; path = AppDelegate.h; sourceTree = "<group>"; };
		0F06B83A1A5D6B7C005ADCD3 /* AppDelegate.m */ = {isa = PBXFileReference; lastKnownFileType = sourcecode.c.objc; path = AppDelegate.m; sourceTree = "<group>"; };
		0F06B83C1A5D6B7C005ADCD3 /* ViewController.h */ = {isa = PBXFileReference; lastKnownFileType = sourcecode.c.h; path = ViewController.h; sourceTree = "<group>"; };
		0F06B83D1A5D6B7C005ADCD3 /* ViewController.m */ = {isa = PBXFileReference; lastKnownFileType = sourcecode.c.objc; path = ViewController.m; sourceTree = "<group>"; };
		0F06B8401A5D6B7C005ADCD3 /* Base */ = {isa = PBXFileReference; lastKnownFileType = file.storyboard; name = Base; path = Base.lproj/Main.storyboard; sourceTree = "<group>"; };
		0F06B8421A5D6B7C005ADCD3 /* Images.xcassets */ = {isa = PBXFileReference; lastKnownFileType = folder.assetcatalog; path = Images.xcassets; sourceTree = "<group>"; };
		0F06B8451A5D6B7C005ADCD3 /* Base */ = {isa = PBXFileReference; lastKnownFileType = file.xib; name = Base; path = Base.lproj/LaunchScreen.xib; sourceTree = "<group>"; };
		0F06B84B1A5D6B7C005ADCD3 /* Account_Note ManagerTests.xctest */ = {isa = PBXFileReference; explicitFileType = wrapper.cfbundle; includeInIndex = 0; path = "Account_Note ManagerTests.xctest"; sourceTree = BUILT_PRODUCTS_DIR; };
		0F06B8501A5D6B7C005ADCD3 /* Info.plist */ = {isa = PBXFileReference; lastKnownFileType = text.plist.xml; path = Info.plist; sourceTree = "<group>"; };
		0F06B8511A5D6B7C005ADCD3 /* Account_Note_ManagerTests.m */ = {isa = PBXFileReference; lastKnownFileType = sourcecode.c.objc; path = Account_Note_ManagerTests.m; sourceTree = "<group>"; };
		0F06B85E1A5DA31E005ADCD3 /* SecondViewController.h */ = {isa = PBXFileReference; fileEncoding = 4; lastKnownFileType = sourcecode.c.h; path = SecondViewController.h; sourceTree = "<group>"; };
		0F06B85F1A5DA31E005ADCD3 /* SecondViewController.m */ = {isa = PBXFileReference; fileEncoding = 4; lastKnownFileType = sourcecode.c.objc; path = SecondViewController.m; sourceTree = "<group>"; };
		0F06B8611A5DB77D005ADCD3 /* home.png */ = {isa = PBXFileReference; lastKnownFileType = image.png; name = home.png; path = Images/home.png; sourceTree = "<group>"; };
		0F166DD11A6510D200B5DD8F /* RecordAudioViewController.h */ = {isa = PBXFileReference; fileEncoding = 4; lastKnownFileType = sourcecode.c.h; path = RecordAudioViewController.h; sourceTree = "<group>"; };
		0F166DD21A6510D200B5DD8F /* RecordAudioViewController.m */ = {isa = PBXFileReference; fileEncoding = 4; lastKnownFileType = sourcecode.c.objc; path = RecordAudioViewController.m; sourceTree = "<group>"; };
		0F166DD41A65115900B5DD8F /* AVFoundation.framework */ = {isa = PBXFileReference; lastKnownFileType = wrapper.framework; name = AVFoundation.framework; path = System/Library/Frameworks/AVFoundation.framework; sourceTree = SDKROOT; };
		0F23F3AF1A6398C700F599A4 /* TotalViewController.h */ = {isa = PBXFileReference; fileEncoding = 4; lastKnownFileType = sourcecode.c.h; path = TotalViewController.h; sourceTree = "<group>"; };
		0F23F3B01A6398C700F599A4 /* TotalViewController.m */ = {isa = PBXFileReference; fileEncoding = 4; lastKnownFileType = sourcecode.c.objc; path = TotalViewController.m; sourceTree = "<group>"; };
		0F45A2981A61859F000F8334 /* NoteViewController.h */ = {isa = PBXFileReference; fileEncoding = 4; lastKnownFileType = sourcecode.c.h; path = NoteViewController.h; sourceTree = "<group>"; };
		0F45A2991A61859F000F8334 /* NoteViewController.m */ = {isa = PBXFileReference; fileEncoding = 4; lastKnownFileType = sourcecode.c.objc; path = NoteViewController.m; sourceTree = "<group>"; };
		0F530CE61A6561BC005A7401 /* Blue Abstract Contour Lines iPhone 5 Wallpaper.jpg */ = {isa = PBXFileReference; lastKnownFileType = image.jpeg; name = "Blue Abstract Contour Lines iPhone 5 Wallpaper.jpg"; path = "Images/Blue Abstract Contour Lines iPhone 5 Wallpaper.jpg"; sourceTree = "<group>"; };
		0F530CE71A6561BC005A7401 /* Brown Large Speakers iPhone 6 Plus HD Wallpaper.jpg */ = {isa = PBXFileReference; lastKnownFileType = image.jpeg; name = "Brown Large Speakers iPhone 6 Plus HD Wallpaper.jpg"; path = "Images/Brown Large Speakers iPhone 6 Plus HD Wallpaper.jpg"; sourceTree = "<group>"; };
		0F530CE81A6561BC005A7401 /* Colorful Glow Lines Abstract iPhone 5 Wallpaper.jpg */ = {isa = PBXFileReference; lastKnownFileType = image.jpeg; name = "Colorful Glow Lines Abstract iPhone 5 Wallpaper.jpg"; path = "Images/Colorful Glow Lines Abstract iPhone 5 Wallpaper.jpg"; sourceTree = "<group>"; };
		0F530CE91A6561BC005A7401 /* Golden Light Wave iPhone 6 Plus HD Wallpaper.jpg */ = {isa = PBXFileReference; lastKnownFileType = image.jpeg; name = "Golden Light Wave iPhone 6 Plus HD Wallpaper.jpg"; path = "Images/Golden Light Wave iPhone 6 Plus HD Wallpaper.jpg"; sourceTree = "<group>"; };
		0F530CEA1A6561BC005A7401 /* Hand Drawn Abstract Triangle Shapes iPhone 5 Wallpaper.jpg */ = {isa = PBXFileReference; lastKnownFileType = image.jpeg; name = "Hand Drawn Abstract Triangle Shapes iPhone 5 Wallpaper.jpg"; path = "Images/Hand Drawn Abstract Triangle Shapes iPhone 5 Wallpaper.jpg"; sourceTree = "<group>"; };
		0F530CEB1A6561BC005A7401 /* Purple Emboss Lines Abstract iPhone 6 Wallpaper.jpg.png */ = {isa = PBXFileReference; lastKnownFileType = image.png; name = "Purple Emboss Lines Abstract iPhone 6 Wallpaper.jpg.png"; path = "Images/Purple Emboss Lines Abstract iPhone 6 Wallpaper.jpg.png"; sourceTree = "<group>"; };
		0F530CEC1A6561BC005A7401 /* Winter Mountains Landscape Stars iPhone 5 Wallpaper.jpg */ = {isa = PBXFileReference; lastKnownFileType = image.jpeg; name = "Winter Mountains Landscape Stars iPhone 5 Wallpaper.jpg"; path = "Images/Winter Mountains Landscape Stars iPhone 5 Wallpaper.jpg"; sourceTree = "<group>"; };
		0F530CF41A65699C005A7401 /* RecordVideoViewController.h */ = {isa = PBXFileReference; fileEncoding = 4; lastKnownFileType = sourcecode.c.h; path = RecordVideoViewController.h; sourceTree = "<group>"; };
		0F530CF51A65699C005A7401 /* RecordVideoViewController.m */ = {isa = PBXFileReference; fileEncoding = 4; lastKnownFileType = sourcecode.c.objc; path = RecordVideoViewController.m; sourceTree = "<group>"; };
		0F530CF71A6569CF005A7401 /* MobileCoreServices.framework */ = {isa = PBXFileReference; lastKnownFileType = wrapper.framework; name = MobileCoreServices.framework; path = System/Library/Frameworks/MobileCoreServices.framework; sourceTree = SDKROOT; };
		0F530CF91A6578D4005A7401 /* Abstract Plasma Render iPhone 6 Plus HD Wallpaper.jpg */ = {isa = PBXFileReference; lastKnownFileType = image.jpeg; name = "Abstract Plasma Render iPhone 6 Plus HD Wallpaper.jpg"; path = "Images/Abstract Plasma Render iPhone 6 Plus HD Wallpaper.jpg"; sourceTree = "<group>"; };
		0F909E891A5FE67C00A95227 /* libsqlite3.dylib */ = {isa = PBXFileReference; lastKnownFileType = "compiled.mach-o.dylib"; name = libsqlite3.dylib; path = usr/lib/libsqlite3.dylib; sourceTree = SDKROOT; };
		0F909E8B1A5FE69B00A95227 /* Foundation.framework */ = {isa = PBXFileReference; lastKnownFileType = wrapper.framework; name = Foundation.framework; path = System/Library/Frameworks/Foundation.framework; sourceTree = SDKROOT; };
		0F909E8D1A5FE6DF00A95227 /* UIKit.framework */ = {isa = PBXFileReference; lastKnownFileType = wrapper.framework; name = UIKit.framework; path = System/Library/Frameworks/UIKit.framework; sourceTree = SDKROOT; };
		0F909E8F1A5FE6F100A95227 /* CoreGraphics.framework */ = {isa = PBXFileReference; lastKnownFileType = wrapper.framework; name = CoreGraphics.framework; path = System/Library/Frameworks/CoreGraphics.framework; sourceTree = SDKROOT; };
		0FFC71311A5E600A00BF54D9 /* AccountViewController.h */ = {isa = PBXFileReference; fileEncoding = 4; lastKnownFileType = sourcecode.c.h; path = AccountViewController.h; sourceTree = "<group>"; };
		0FFC71321A5E600A00BF54D9 /* AccountViewController.m */ = {isa = PBXFileReference; fileEncoding = 4; lastKnownFileType = sourcecode.c.objc; path = AccountViewController.m; sourceTree = "<group>"; };
/* End PBXFileReference section */

/* Begin PBXFrameworksBuildPhase section */
		0F06B82F1A5D6B7C005ADCD3 /* Frameworks */ = {
			isa = PBXFrameworksBuildPhase;
			buildActionMask = 2147483647;
			files = (
				0F530CF81A6569CF005A7401 /* MobileCoreServices.framework in Frameworks */,
				0F166DD51A65115900B5DD8F /* AVFoundation.framework in Frameworks */,
				0F909E901A5FE6F100A95227 /* CoreGraphics.framework in Frameworks */,
				0F909E8E1A5FE6DF00A95227 /* UIKit.framework in Frameworks */,
				0F909E8C1A5FE69B00A95227 /* Foundation.framework in Frameworks */,
				0F909E8A1A5FE67C00A95227 /* libsqlite3.dylib in Frameworks */,
			);
			runOnlyForDeploymentPostprocessing = 0;
		};
		0F06B8481A5D6B7C005ADCD3 /* Frameworks */ = {
			isa = PBXFrameworksBuildPhase;
			buildActionMask = 2147483647;
			files = (
			);
			runOnlyForDeploymentPostprocessing = 0;
		};
/* End PBXFrameworksBuildPhase section */

/* Begin PBXGroup section */
		0F06B8291A5D6B7C005ADCD3 = {
			isa = PBXGroup;
			children = (
				0F530CF71A6569CF005A7401 /* MobileCoreServices.framework */,
				0F166DD41A65115900B5DD8F /* AVFoundation.framework */,
				0F909E8F1A5FE6F100A95227 /* CoreGraphics.framework */,
				0F909E8D1A5FE6DF00A95227 /* UIKit.framework */,
				0F909E8B1A5FE69B00A95227 /* Foundation.framework */,
				0F909E891A5FE67C00A95227 /* libsqlite3.dylib */,
				0F06B8341A5D6B7C005ADCD3 /* Account_Note Manager */,
				0F06B84E1A5D6B7C005ADCD3 /* Account_Note ManagerTests */,
				0F06B8331A5D6B7C005ADCD3 /* Products */,
			);
			sourceTree = "<group>";
		};
		0F06B8331A5D6B7C005ADCD3 /* Products */ = {
			isa = PBXGroup;
			children = (
				0F06B8321A5D6B7C005ADCD3 /* Account_Note Manager.app */,
				0F06B84B1A5D6B7C005ADCD3 /* Account_Note ManagerTests.xctest */,
			);
			name = Products;
			sourceTree = "<group>";
		};
		0F06B8341A5D6B7C005ADCD3 /* Account_Note Manager */ = {
			isa = PBXGroup;
			children = (
				0F06B8391A5D6B7C005ADCD3 /* AppDelegate.h */,
				0F06B83A1A5D6B7C005ADCD3 /* AppDelegate.m */,
				0F06B83C1A5D6B7C005ADCD3 /* ViewController.h */,
				0F06B83D1A5D6B7C005ADCD3 /* ViewController.m */,
				0F06B83F1A5D6B7C005ADCD3 /* Main.storyboard */,
				0F530CF41A65699C005A7401 /* RecordVideoViewController.h */,
				0F530CF51A65699C005A7401 /* RecordVideoViewController.m */,
				0F166DD11A6510D200B5DD8F /* RecordAudioViewController.h */,
				0F166DD21A6510D200B5DD8F /* RecordAudioViewController.m */,
				0F23F3AF1A6398C700F599A4 /* TotalViewController.h */,
				0F23F3B01A6398C700F599A4 /* TotalViewController.m */,
				0F45A2981A61859F000F8334 /* NoteViewController.h */,
				0F45A2991A61859F000F8334 /* NoteViewController.m */,
				0FFC71311A5E600A00BF54D9 /* AccountViewController.h */,
				0FFC71321A5E600A00BF54D9 /* AccountViewController.m */,
				0F06B85E1A5DA31E005ADCD3 /* SecondViewController.h */,
				0F06B85F1A5DA31E005ADCD3 /* SecondViewController.m */,
				0F530CF91A6578D4005A7401 /* Abstract Plasma Render iPhone 6 Plus HD Wallpaper.jpg */,
				0F530CE61A6561BC005A7401 /* Blue Abstract Contour Lines iPhone 5 Wallpaper.jpg */,
				0F530CE71A6561BC005A7401 /* Brown Large Speakers iPhone 6 Plus HD Wallpaper.jpg */,
				0F530CE81A6561BC005A7401 /* Colorful Glow Lines Abstract iPhone 5 Wallpaper.jpg */,
				0F530CE91A6561BC005A7401 /* Golden Light Wave iPhone 6 Plus HD Wallpaper.jpg */,
				0F530CEA1A6561BC005A7401 /* Hand Drawn Abstract Triangle Shapes iPhone 5 Wallpaper.jpg */,
				0F530CEB1A6561BC005A7401 /* Purple Emboss Lines Abstract iPhone 6 Wallpaper.jpg.png */,
				0F530CEC1A6561BC005A7401 /* Winter Mountains Landscape Stars iPhone 5 Wallpaper.jpg */,
				0F06B8611A5DB77D005ADCD3 /* home.png */,
				0F06B8421A5D6B7C005ADCD3 /* Images.xcassets */,
				0F06B8441A5D6B7C005ADCD3 /* LaunchScreen.xib */,
				0F06B8351A5D6B7C005ADCD3 /* Supporting Files */,
			);
			path = "Account_Note Manager";
			sourceTree = "<group>";
		};
		0F06B8351A5D6B7C005ADCD3 /* Supporting Files */ = {
			isa = PBXGroup;
			children = (
				0F06B8361A5D6B7C005ADCD3 /* Info.plist */,
				0F06B8371A5D6B7C005ADCD3 /* main.m */,
			);
			name = "Supporting Files";
			sourceTree = "<group>";
		};
		0F06B84E1A5D6B7C005ADCD3 /* Account_Note ManagerTests */ = {
			isa = PBXGroup;
			children = (
				0F06B8511A5D6B7C005ADCD3 /* Account_Note_ManagerTests.m */,
				0F06B84F1A5D6B7C005ADCD3 /* Supporting Files */,
			);
			path = "Account_Note ManagerTests";
			sourceTree = "<group>";
		};
		0F06B84F1A5D6B7C005ADCD3 /* Supporting Files */ = {
			isa = PBXGroup;
			children = (
				0F06B8501A5D6B7C005ADCD3 /* Info.plist */,
			);
			name = "Supporting Files";
			sourceTree = "<group>";
		};
/* End PBXGroup section */

/* Begin PBXNativeTarget section */
		0F06B8311A5D6B7C005ADCD3 /* Account_Note Manager */ = {
			isa = PBXNativeTarget;
			buildConfigurationList = 0F06B8551A5D6B7C005ADCD3 /* Build configuration list for PBXNativeTarget "Account_Note Manager" */;
			buildPhases = (
				0F06B82E1A5D6B7C005ADCD3 /* Sources */,
				0F06B82F1A5D6B7C005ADCD3 /* Frameworks */,
				0F06B8301A5D6B7C005ADCD3 /* Resources */,
			);
			buildRules = (
			);
			dependencies = (
			);
			name = "Account_Note Manager";
			productName = "Account_Note Manager";
			productReference = 0F06B8321A5D6B7C005ADCD3 /* Account_Note Manager.app */;
			productType = "com.apple.product-type.application";
		};
		0F06B84A1A5D6B7C005ADCD3 /* Account_Note ManagerTests */ = {
			isa = PBXNativeTarget;
			buildConfigurationList = 0F06B8581A5D6B7C005ADCD3 /* Build configuration list for PBXNativeTarget "Account_Note ManagerTests" */;
			buildPhases = (
				0F06B8471A5D6B7C005ADCD3 /* Sources */,
				0F06B8481A5D6B7C005ADCD3 /* Frameworks */,
				0F06B8491A5D6B7C005ADCD3 /* Resources */,
			);
			buildRules = (
			);
			dependencies = (
				0F06B84D1A5D6B7C005ADCD3 /* PBXTargetDependency */,
			);
			name = "Account_Note ManagerTests";
			productName = "Account_Note ManagerTests";
			productReference = 0F06B84B1A5D6B7C005ADCD3 /* Account_Note ManagerTests.xctest */;
			productType = "com.apple.product-type.bundle.unit-test";
		};
/* End PBXNativeTarget section */

/* Begin PBXProject section */
		0F06B82A1A5D6B7C005ADCD3 /* Project object */ = {
			isa = PBXProject;
			attributes = {
				LastUpgradeCheck = 0610;
				ORGANIZATIONNAME = CYCU;
				TargetAttributes = {
					0F06B8311A5D6B7C005ADCD3 = {
						CreatedOnToolsVersion = 6.1;
					};
					0F06B84A1A5D6B7C005ADCD3 = {
						CreatedOnToolsVersion = 6.1;
						TestTargetID = 0F06B8311A5D6B7C005ADCD3;
					};
				};
			};
			buildConfigurationList = 0F06B82D1A5D6B7C005ADCD3 /* Build configuration list for PBXProject "Account_Note Manager" */;
			compatibilityVersion = "Xcode 3.2";
			developmentRegion = English;
			hasScannedForEncodings = 0;
			knownRegions = (
				en,
				Base,
			);
			mainGroup = 0F06B8291A5D6B7C005ADCD3;
			productRefGroup = 0F06B8331A5D6B7C005ADCD3 /* Products */;
			projectDirPath = "";
			projectRoot = "";
			targets = (
				0F06B8311A5D6B7C005ADCD3 /* Account_Note Manager */,
				0F06B84A1A5D6B7C005ADCD3 /* Account_Note ManagerTests */,
			);
		};
/* End PBXProject section */

/* Begin PBXResourcesBuildPhase section */
		0F06B8301A5D6B7C005ADCD3 /* Resources */ = {
			isa = PBXResourcesBuildPhase;
			buildActionMask = 2147483647;
			files = (
				0F530CEE1A6561BC005A7401 /* Brown Large Speakers iPhone 6 Plus HD Wallpaper.jpg in Resources */,
				0F530CF31A6561BC005A7401 /* Winter Mountains Landscape Stars iPhone 5 Wallpaper.jpg in Resources */,
				0F06B8621A5DB77D005ADCD3 /* home.png in Resources */,
				0F06B8411A5D6B7C005ADCD3 /* Main.storyboard in Resources */,
				0F530CED1A6561BC005A7401 /* Blue Abstract Contour Lines iPhone 5 Wallpaper.jpg in Resources */,
				0F530CF01A6561BC005A7401 /* Golden Light Wave iPhone 6 Plus HD Wallpaper.jpg in Resources */,
				0F530CEF1A6561BC005A7401 /* Colorful Glow Lines Abstract iPhone 5 Wallpaper.jpg in Resources */,
				0F530CFA1A6578D4005A7401 /* Abstract Plasma Render iPhone 6 Plus HD Wallpaper.jpg in Resources */,
				0F06B8461A5D6B7C005ADCD3 /* LaunchScreen.xib in Resources */,
				0F530CF11A6561BC005A7401 /* Hand Drawn Abstract Triangle Shapes iPhone 5 Wallpaper.jpg in Resources */,
				0F530CF21A6561BC005A7401 /* Purple Emboss Lines Abstract iPhone 6 Wallpaper.jpg.png in Resources */,
				0F06B8431A5D6B7C005ADCD3 /* Images.xcassets in Resources */,
			);
			runOnlyForDeploymentPostprocessing = 0;
		};
		0F06B8491A5D6B7C005ADCD3 /* Resources */ = {
			isa = PBXResourcesBuildPhase;
			buildActionMask = 2147483647;
			files = (
			);
			runOnlyForDeploymentPostprocessing = 0;
		};
/* End PBXResourcesBuildPhase section */

/* Begin PBXSourcesBuildPhase section */
		0F06B82E1A5D6B7C005ADCD3 /* Sources */ = {
			isa = PBXSourcesBuildPhase;
			buildActionMask = 2147483647;
			files = (
				0F23F3B11A6398C700F599A4 /* TotalViewController.m in Sources */,
				0F06B8601A5DA31E005ADCD3 /* SecondViewController.m in Sources */,
				0F06B83E1A5D6B7C005ADCD3 /* ViewController.m in Sources */,
				0F06B83B1A5D6B7C005ADCD3 /* AppDelegate.m in Sources */,
				0F06B8381A5D6B7C005ADCD3 /* main.m in Sources */,
				0F530CF61A65699C005A7401 /* RecordVideoViewController.m in Sources */,
				0F45A29A1A61859F000F8334 /* NoteViewController.m in Sources */,
				0F166DD31A6510D200B5DD8F /* RecordAudioViewController.m in Sources */,
				0FFC71331A5E600A00BF54D9 /* AccountViewController.m in Sources */,
			);
			runOnlyForDeploymentPostprocessing = 0;
		};
		0F06B8471A5D6B7C005ADCD3 /* Sources */ = {
			isa = PBXSourcesBuildPhase;
			buildActionMask = 2147483647;
			files = (
				0F06B8521A5D6B7C005ADCD3 /* Account_Note_ManagerTests.m in Sources */,
			);
			runOnlyForDeploymentPostprocessing = 0;
		};
/* End PBXSourcesBuildPhase section */

/* Begin PBXTargetDependency section */
		0F06B84D1A5D6B7C005ADCD3 /* PBXTargetDependency */ = {
			isa = PBXTargetDependency;
			target = 0F06B8311A5D6B7C005ADCD3 /* Account_Note Manager */;
			targetProxy = 0F06B84C1A5D6B7C005ADCD3 /* PBXContainerItemProxy */;
		};
/* End PBXTargetDependency section */

/* Begin PBXVariantGroup section */
		0F06B83F1A5D6B7C005ADCD3 /* Main.storyboard */ = {
			isa = PBXVariantGroup;
			children = (
				0F06B8401A5D6B7C005ADCD3 /* Base */,
			);
			name = Main.storyboard;
			sourceTree = "<group>";
		};
		0F06B8441A5D6B7C005ADCD3 /* LaunchScreen.xib */ = {
			isa = PBXVariantGroup;
			children = (
				0F06B8451A5D6B7C005ADCD3 /* Base */,
			);
			name = LaunchScreen.xib;
			sourceTree = "<group>";
		};
/* End PBXVariantGroup section */

/* Begin XCBuildConfiguration section */
		0F06B8531A5D6B7C005ADCD3 /* Debug */ = {
			isa = XCBuildConfiguration;
			buildSettings = {
				ALWAYS_SEARCH_USER_PATHS = NO;
				CLANG_CXX_LANGUAGE_STANDARD = "gnu++0x";
				CLANG_CXX_LIBRARY = "libc++";
				CLANG_ENABLE_MODULES = YES;
				CLANG_ENABLE_OBJC_ARC = YES;
				CLANG_WARN_BOOL_CONVERSION = YES;
				CLANG_WARN_CONSTANT_CONVERSION = YES;
				CLANG_WARN_DIRECT_OBJC_ISA_USAGE = YES_ERROR;
				CLANG_WARN_EMPTY_BODY = YES;
				CLANG_WARN_ENUM_CONVERSION = YES;
				CLANG_WARN_INT_CONVERSION = YES;
				CLANG_WARN_OBJC_ROOT_CLASS = YES_ERROR;
				CLANG_WARN_UNREACHABLE_CODE = YES;
				CLANG_WARN__DUPLICATE_METHOD_MATCH = YES;
				"CODE_SIGN_IDENTITY[sdk=iphoneos*]" = "iPhone Developer";
				COPY_PHASE_STRIP = NO;
				ENABLE_STRICT_OBJC_MSGSEND = YES;
				GCC_C_LANGUAGE_STANDARD = gnu99;
				GCC_DYNAMIC_NO_PIC = NO;
				GCC_OPTIMIZATION_LEVEL = 0;
				GCC_PREPROCESSOR_DEFINITIONS = (
					"DEBUG=1",
					"$(inherited)",
				);
				GCC_SYMBOLS_PRIVATE_EXTERN = NO;
				GCC_WARN_64_TO_32_BIT_CONVERSION = YES;
				GCC_WARN_ABOUT_RETURN_TYPE = YES_ERROR;
				GCC_WARN_UNDECLARED_SELECTOR = YES;
				GCC_WARN_UNINITIALIZED_AUTOS = YES_AGGRESSIVE;
				GCC_WARN_UNUSED_FUNCTION = YES;
				GCC_WARN_UNUSED_VARIABLE = YES;
				IPHONEOS_DEPLOYMENT_TARGET = 8.1;
				MTL_ENABLE_DEBUG_INFO = YES;
				ONLY_ACTIVE_ARCH = YES;
				SDKROOT = iphoneos;
			};
			name = Debug;
		};
		0F06B8541A5D6B7C005ADCD3 /* Release */ = {
			isa = XCBuildConfiguration;
			buildSettings = {
				ALWAYS_SEARCH_USER_PATHS = NO;
				CLANG_CXX_LANGUAGE_STANDARD = "gnu++0x";
				CLANG_CXX_LIBRARY = "libc++";
				CLANG_ENABLE_MODULES = YES;
				CLANG_ENABLE_OBJC_ARC = YES;
				CLANG_WARN_BOOL_CONVERSION = YES;
				CLANG_WARN_CONSTANT_CONVERSION = YES;
				CLANG_WARN_DIRECT_OBJC_ISA_USAGE = YES_ERROR;
				CLANG_WARN_EMPTY_BODY = YES;
				CLANG_WARN_ENUM_CONVERSION = YES;
				CLANG_WARN_INT_CONVERSION = YES;
				CLANG_WARN_OBJC_ROOT_CLASS = YES_ERROR;
				CLANG_WARN_UNREACHABLE_CODE = YES;
				CLANG_WARN__DUPLICATE_METHOD_MATCH = YES;
				"CODE_SIGN_IDENTITY[sdk=iphoneos*]" = "iPhone Developer";
				COPY_PHASE_STRIP = YES;
				ENABLE_NS_ASSERTIONS = NO;
				ENABLE_STRICT_OBJC_MSGSEND = YES;
				GCC_C_LANGUAGE_STANDARD = gnu99;
				GCC_WARN_64_TO_32_BIT_CONVERSION = YES;
				GCC_WARN_ABOUT_RETURN_TYPE = YES_ERROR;
				GCC_WARN_UNDECLARED_SELECTOR = YES;
				GCC_WARN_UNINITIALIZED_AUTOS = YES_AGGRESSIVE;
				GCC_WARN_UNUSED_FUNCTION = YES;
				GCC_WARN_UNUSED_VARIABLE = YES;
				IPHONEOS_DEPLOYMENT_TARGET = 8.1;
				MTL_ENABLE_DEBUG_INFO = NO;
				SDKROOT = iphoneos;
				VALIDATE_PRODUCT = YES;
			};
			name = Release;
		};
		0F06B8561A5D6B7C005ADCD3 /* Debug */ = {
			isa = XCBuildConfiguration;
			buildSettings = {
				ASSETCATALOG_COMPILER_APPICON_NAME = AppIcon;
				INFOPLIST_FILE = "Account_Note Manager/Info.plist";
				LD_RUNPATH_SEARCH_PATHS = "$(inherited) @executable_path/Frameworks";
				PRODUCT_NAME = "$(TARGET_NAME)";
			};
			name = Debug;
		};
		0F06B8571A5D6B7C005ADCD3 /* Release */ = {
			isa = XCBuildConfiguration;
			buildSettings = {
				ASSETCATALOG_COMPILER_APPICON_NAME = AppIcon;
				INFOPLIST_FILE = "Account_Note Manager/Info.plist";
				LD_RUNPATH_SEARCH_PATHS = "$(inherited) @executable_path/Frameworks";
				PRODUCT_NAME = "$(TARGET_NAME)";
			};
			name = Release;
		};
		0F06B8591A5D6B7C005ADCD3 /* Debug */ = {
			isa = XCBuildConfiguration;
			buildSettings = {
				BUNDLE_LOADER = "$(TEST_HOST)";
				FRAMEWORK_SEARCH_PATHS = (
					"$(SDKROOT)/Developer/Library/Frameworks",
					"$(inherited)",
				);
				GCC_PREPROCESSOR_DEFINITIONS = (
					"DEBUG=1",
					"$(inherited)",
				);
				INFOPLIST_FILE = "Account_Note ManagerTests/Info.plist";
				LD_RUNPATH_SEARCH_PATHS = "$(inherited) @executable_path/Frameworks @loader_path/Frameworks";
				PRODUCT_NAME = "$(TARGET_NAME)";
				TEST_HOST = "$(BUILT_PRODUCTS_DIR)/Account_Note Manager.app/Account_Note Manager";
			};
			name = Debug;
		};
		0F06B85A1A5D6B7C005ADCD3 /* Release */ = {
			isa = XCBuildConfiguration;
			buildSettings = {
				BUNDLE_LOADER = "$(TEST_HOST)";
				FRAMEWORK_SEARCH_PATHS = (
					"$(SDKROOT)/Developer/Library/Frameworks",
					"$(inherited)",
				);
				INFOPLIST_FILE = "Account_Note ManagerTests/Info.plist";
				LD_RUNPATH_SEARCH_PATHS = "$(inherited) @executable_path/Frameworks @loader_path/Frameworks";
				PRODUCT_NAME = "$(TARGET_NAME)";
				TEST_HOST = "$(BUILT_PRODUCTS_DIR)/Account_Note Manager.app/Account_Note Manager";
			};
			name = Release;
		};
/* End XCBuildConfiguration section */

/* Begin XCConfigurationList section */
		0F06B82D1A5D6B7C005ADCD3 /* Build configuration list for PBXProject "Account_Note Manager" */ = {
			isa = XCConfigurationList;
			buildConfigurations = (
				0F06B8531A5D6B7C005ADCD3 /* Debug */,
				0F06B8541A5D6B7C005ADCD3 /* Release */,
			);
			defaultConfigurationIsVisible = 0;
			defaultConfigurationName = Release;
		};
		0F06B8551A5D6B7C005ADCD3 /* Build configuration list for PBXNativeTarget "Account_Note Manager" */ = {
			isa = XCConfigurationList;
			buildConfigurations = (
				0F06B8561A5D6B7C005ADCD3 /* Debug */,
				0F06B8571A5D6B7C005ADCD3 /* Release */,
			);
			defaultConfigurationIsVisible = 0;
			defaultConfigurationName = Release;
		};
		0F06B8581A5D6B7C005ADCD3 /* Build configuration list for PBXNativeTarget "Account_Note ManagerTests" */ = {
			isa = XCConfigurationList;
			buildConfigurations = (
				0F06B8591A5D6B7C005ADCD3 /* Debug */,
				0F06B85A1A5D6B7C005ADCD3 /* Release */,
			);
			defaultConfigurationIsVisible = 0;
			defaultConfigurationName = Release;
		};
/* End XCConfigurationList section */
	};
	rootObject = 0F06B82A1A5D6B7C005ADCD3 /* Project object */;
}
